
Microsoft Visual Studio Solution File, Format Version 12.00
# Visual Studio Version 17
VisualStudioVersion = 17.7.34024.191
MinimumVisualStudioVersion = 10.0.40219.1
Project("{FAE04EC0-301F-11D3-BF4B-00C04F79EFBC}") = "Workshop.Example.Api", "Workshop.Example.Api.csproj", "{C62E5F2B-916B-48CB-BC7B-AF065CCDA144}"
EndProject
Global
	GlobalSection(SolutionConfigurationPlatforms) = preSolution
		Debug|Any CPU = Debug|Any CPU
		Release|Any CPU = Release|Any CPU
	EndGlobalSection
	GlobalSection(ProjectConfigurationPlatforms) = postSolution
		{C62E5F2B-916B-48CB-BC7B-AF065CCDA144}.Debug|Any CPU.ActiveCfg = Debug|Any CPU
		{C62E5F2B-916B-48CB-BC7B-AF065CCDA144}.Debug|Any CPU.Build.0 = Debug|Any CPU
		{C62E5F2B-916B-48CB-BC7B-AF065CCDA144}.Release|Any CPU.ActiveCfg = Release|Any CPU
		{C62E5F2B-916B-48CB-BC7B-AF065CCDA144}.Release|Any CPU.Build.0 = Release|Any CPU
	EndGlobalSection
	GlobalSection(SolutionProperties) = preSolution
		HideSolutionNode = FALSE
	EndGlobalSection
	GlobalSection(ExtensibilityGlobals) = postSolution
		SolutionGuid = {EE6D4613-C128-43E4-B175-1966CE8B7579}
	EndGlobalSection
EndGlobal
